
Microsoft Visual Studio Solution File, Format Version 12.00
# Visual Studio Version 17
VisualStudioVersion = 17.7.34024.191
MinimumVisualStudioVersion = 10.0.40219.1
Project("{9A19103F-16F7-4668-BE54-9A1E7A4F7556}") = "EasySignWorkFlow", "EasySignWorkFlow\EasySignWorkFlow.csproj", "{D3EB1C67-3E0C-417D-9249-DB761DB8FF6E}"
EndProject
Project("{9A19103F-16F7-4668-BE54-9A1E7A4F7556}") = "Demo", "Demo\Demo.csproj", "{969052BE-EC8A-4C75-B908-D58B19C9DEF5}"
EndProject
Global
	GlobalSection(SolutionConfigurationPlatforms) = preSolution
		Debug|Any CPU = Debug|Any CPU
		Release|Any CPU = Release|Any CPU
	EndGlobalSection
	GlobalSection(ProjectConfigurationPlatforms) = postSolution
		{D3EB1C67-3E0C-417D-9249-DB761DB8FF6E}.Debug|Any CPU.ActiveCfg = Debug|Any CPU
		{D3EB1C67-3E0C-417D-9249-DB761DB8FF6E}.Debug|Any CPU.Build.0 = Debug|Any CPU
		{D3EB1C67-3E0C-417D-9249-DB761DB8FF6E}.Release|Any CPU.ActiveCfg = Release|Any CPU
		{D3EB1C67-3E0C-417D-9249-DB761DB8FF6E}.Release|Any CPU.Build.0 = Release|Any CPU
		{969052BE-EC8A-4C75-B908-D58B19C9DEF5}.Debug|Any CPU.ActiveCfg = Debug|Any CPU
		{969052BE-EC8A-4C75-B908-D58B19C9DEF5}.Debug|Any CPU.Build.0 = Debug|Any CPU
		{969052BE-EC8A-4C75-B908-D58B19C9DEF5}.Release|Any CPU.ActiveCfg = Release|Any CPU
		{969052BE-EC8A-4C75-B908-D58B19C9DEF5}.Release|Any CPU.Build.0 = Release|Any CPU
	EndGlobalSection
	GlobalSection(SolutionProperties) = preSolution
		HideSolutionNode = FALSE
	EndGlobalSection
	GlobalSection(ExtensibilityGlobals) = postSolution
		SolutionGuid = {837FCF3C-7E57-4FB8-AD4E-206A6FB27827}
	EndGlobalSection
EndGlobal
